
Microsoft Visual Studio Solution File, Format Version 12.00
# Visual Studio Version 17
VisualStudioVersion = 17.0.31710.8
MinimumVisualStudioVersion = 10.0.40219.1
Project("{9A19103F-16F7-4668-BE54-9A1E7A4F7556}") = "Task2Division", "Task2Division\Task2Division.csproj", "{F222BAB8-716D-4050-8B9D-48AFDDAFCBEE}"
EndProject
Project("{9A19103F-16F7-4668-BE54-9A1E7A4F7556}") = "Task1Ages", "Task1Age\Task1Ages.csproj", "{3EE75AC9-56C6-41EC-8F43-B2FE8881A96B}"
EndProject
Project("{9A19103F-16F7-4668-BE54-9A1E7A4F7556}") = "Task3Vacation", "Task3Vacation\Task3Vacation.csproj", "{18978DA0-DB34-4FC8-9DEE-756539D5D725}"
EndProject
Project("{FAE04EC0-301F-11D3-BF4B-00C04F79EFBC}") = "Task4PrintAndSum", "Task4PrintAndSum\Task4PrintAndSum.csproj", "{EEB33C6B-D399-4549-A67F-D54D5192525C}"
EndProject
Project("{FAE04EC0-301F-11D3-BF4B-00C04F79EFBC}") = "Task5Login", "Task5Login\Task5Login.csproj", "{3EA1E2C3-FE59-4A80-88D7-E37A5609B3BB}"
EndProject
Global
	GlobalSection(SolutionConfigurationPlatforms) = preSolution
		Debug|Any CPU = Debug|Any CPU
		Release|Any CPU = Release|Any CPU
	EndGlobalSection
	GlobalSection(ProjectConfigurationPlatforms) = postSolution
		{F222BAB8-716D-4050-8B9D-48AFDDAFCBEE}.Debug|Any CPU.ActiveCfg = Debug|Any CPU
		{F222BAB8-716D-4050-8B9D-48AFDDAFCBEE}.Debug|Any CPU.Build.0 = Debug|Any CPU
		{F222BAB8-716D-4050-8B9D-48AFDDAFCBEE}.Release|Any CPU.ActiveCfg = Release|Any CPU
		{F222BAB8-716D-4050-8B9D-48AFDDAFCBEE}.Release|Any CPU.Build.0 = Release|Any CPU
		{3EE75AC9-56C6-41EC-8F43-B2FE8881A96B}.Debug|Any CPU.ActiveCfg = Debug|Any CPU
		{3EE75AC9-56C6-41EC-8F43-B2FE8881A96B}.Debug|Any CPU.Build.0 = Debug|Any CPU
		{3EE75AC9-56C6-41EC-8F43-B2FE8881A96B}.Release|Any CPU.ActiveCfg = Release|Any CPU
		{3EE75AC9-56C6-41EC-8F43-B2FE8881A96B}.Release|Any CPU.Build.0 = Release|Any CPU
		{18978DA0-DB34-4FC8-9DEE-756539D5D725}.Debug|Any CPU.ActiveCfg = Debug|Any CPU
		{18978DA0-DB34-4FC8-9DEE-756539D5D725}.Debug|Any CPU.Build.0 = Debug|Any CPU
		{18978DA0-DB34-4FC8-9DEE-756539D5D725}.Release|Any CPU.ActiveCfg = Release|Any CPU
		{18978DA0-DB34-4FC8-9DEE-756539D5D725}.Release|Any CPU.Build.0 = Release|Any CPU
		{EEB33C6B-D399-4549-A67F-D54D5192525C}.Debug|Any CPU.ActiveCfg = Debug|Any CPU
		{EEB33C6B-D399-4549-A67F-D54D5192525C}.Debug|Any CPU.Build.0 = Debug|Any CPU
		{EEB33C6B-D399-4549-A67F-D54D5192525C}.Release|Any CPU.ActiveCfg = Release|Any CPU
		{EEB33C6B-D399-4549-A67F-D54D5192525C}.Release|Any CPU.Build.0 = Release|Any CPU
		{3EA1E2C3-FE59-4A80-88D7-E37A5609B3BB}.Debug|Any CPU.ActiveCfg = Debug|Any CPU
		{3EA1E2C3-FE59-4A80-88D7-E37A5609B3BB}.Debug|Any CPU.Build.0 = Debug|Any CPU
		{3EA1E2C3-FE59-4A80-88D7-E37A5609B3BB}.Release|Any CPU.ActiveCfg = Release|Any CPU
		{3EA1E2C3-FE59-4A80-88D7-E37A5609B3BB}.Release|Any CPU.Build.0 = Release|Any CPU
	EndGlobalSection
	GlobalSection(SolutionProperties) = preSolution
		HideSolutionNode = FALSE
	EndGlobalSection
	GlobalSection(ExtensibilityGlobals) = postSolution
		SolutionGuid = {C67CB729-01F4-4956-9F01-F9A33E2A2668}
	EndGlobalSection
EndGlobal
